
Microsoft Visual Studio Solution File, Format Version 12.00
# Visual Studio Version 17
VisualStudioVersion = 17.2.32602.215
MinimumVisualStudioVersion = 10.0.40219.1
Project("{FAE04EC0-301F-11D3-BF4B-00C04F79EFBC}") = "LrnMvcMovie", "LrnMvcMovie\LrnMvcMovie.csproj", "{AB11172D-9E98-49B6-8107-872E29C7FD4C}"
EndProject
Global
	GlobalSection(SolutionConfigurationPlatforms) = preSolution
		Debug|Any CPU = Debug|Any CPU
		Release|Any CPU = Release|Any CPU
	EndGlobalSection
	GlobalSection(ProjectConfigurationPlatforms) = postSolution
		{AB11172D-9E98-49B6-8107-872E29C7FD4C}.Debug|Any CPU.ActiveCfg = Debug|Any CPU
		{AB11172D-9E98-49B6-8107-872E29C7FD4C}.Debug|Any CPU.Build.0 = Debug|Any CPU
		{AB11172D-9E98-49B6-8107-872E29C7FD4C}.Release|Any CPU.ActiveCfg = Release|Any CPU
		{AB11172D-9E98-49B6-8107-872E29C7FD4C}.Release|Any CPU.Build.0 = Release|Any CPU
	EndGlobalSection
	GlobalSection(SolutionProperties) = preSolution
		HideSolutionNode = FALSE
	EndGlobalSection
	GlobalSection(ExtensibilityGlobals) = postSolution
		SolutionGuid = {27FE5911-C2E2-4E0A-824E-5AA0FCCAEEB8}
	EndGlobalSection
EndGlobal
